
Microsoft Visual Studio Solution File, Format Version 12.00
# Visual Studio Version 17
VisualStudioVersion = 17.0.31912.275
MinimumVisualStudioVersion = 10.0.40219.1
Project("{9A19103F-16F7-4668-BE54-9A1E7A4F7556}") = "TurtleChallenge", "TurtleChallenge\TurtleChallenge.csproj", "{15366F67-AC62-4AEF-A2BC-FA5F5CFF2B99}"
EndProject
Project("{9A19103F-16F7-4668-BE54-9A1E7A4F7556}") = "Console", "Console\Console.csproj", "{3741809E-29D7-4B87-9DF4-E3126610AE53}"
EndProject
Global
	GlobalSection(SolutionConfigurationPlatforms) = preSolution
		Debug|Any CPU = Debug|Any CPU
		Release|Any CPU = Release|Any CPU
	EndGlobalSection
	GlobalSection(ProjectConfigurationPlatforms) = postSolution
		{15366F67-AC62-4AEF-A2BC-FA5F5CFF2B99}.Debug|Any CPU.ActiveCfg = Debug|Any CPU
		{15366F67-AC62-4AEF-A2BC-FA5F5CFF2B99}.Debug|Any CPU.Build.0 = Debug|Any CPU
		{15366F67-AC62-4AEF-A2BC-FA5F5CFF2B99}.Release|Any CPU.ActiveCfg = Release|Any CPU
		{15366F67-AC62-4AEF-A2BC-FA5F5CFF2B99}.Release|Any CPU.Build.0 = Release|Any CPU
		{3741809E-29D7-4B87-9DF4-E3126610AE53}.Debug|Any CPU.ActiveCfg = Debug|Any CPU
		{3741809E-29D7-4B87-9DF4-E3126610AE53}.Debug|Any CPU.Build.0 = Debug|Any CPU
		{3741809E-29D7-4B87-9DF4-E3126610AE53}.Release|Any CPU.ActiveCfg = Release|Any CPU
		{3741809E-29D7-4B87-9DF4-E3126610AE53}.Release|Any CPU.Build.0 = Release|Any CPU
	EndGlobalSection
	GlobalSection(SolutionProperties) = preSolution
		HideSolutionNode = FALSE
	EndGlobalSection
	GlobalSection(ExtensibilityGlobals) = postSolution
		SolutionGuid = {20761C85-6BCA-4156-A89F-27BD36837B37}
	EndGlobalSection
EndGlobal
